// !$*UTF8*$!
{
	archiveVersion = 1;
	classes = {
	};
	objectVersion = 46;
	objects = {

/* Begin PBXBuildFile section */
		6512B44F15A86A4500A01DE9 /* UIKit.framework in Frameworks */ = {isa = PBXBuildFile; fileRef = 6512B44E15A86A4500A01DE9 /* UIKit.framework */; };
		6512B45115A86A4500A01DE9 /* Foundation.framework in Frameworks */ = {isa = PBXBuildFile; fileRef = 6512B45015A86A4500A01DE9 /* Foundation.framework */; };
		6512B45315A86A4500A01DE9 /* CoreGraphics.framework in Frameworks */ = {isa = PBXBuildFile; fileRef = 6512B45215A86A4500A01DE9 /* CoreGraphics.framework */; };
		6512B45B15A86A4500A01DE9 /* main.m in Sources */ = {isa = PBXBuildFile; fileRef = 6512B45A15A86A4500A01DE9 /* main.m */; };
		6512B45F15A86A4500A01DE9 /* AppDelegate.m in Sources */ = {isa = PBXBuildFile; fileRef = 6512B45E15A86A4500A01DE9 /* AppDelegate.m */; };
		6512B46815A86CC900A01DE9 /* CKCrashReporter.m in Sources */ = {isa = PBXBuildFile; fileRef = 6512B46715A86CC900A01DE9 /* CKCrashReporter.m */; };
		6512B46A15A8712D00A01DE9 /* MessageUI.framework in Frameworks */ = {isa = PBXBuildFile; fileRef = 6512B46915A8712D00A01DE9 /* MessageUI.framework */; };
/* End PBXBuildFile section */

/* Begin PBXFileReference section */
		6512B44A15A86A4500A01DE9 /* CKCrashReporterDemo.app */ = {isa = PBXFileReference; explicitFileType = wrapper.application; includeInIndex = 0; path = CKCrashReporterDemo.app; sourceTree = BUILT_PRODUCTS_DIR; };
		6512B44E15A86A4500A01DE9 /* UIKit.framework */ = {isa = PBXFileReference; lastKnownFileType = wrapper.framework; name = UIKit.framework; path = System/Library/Frameworks/UIKit.framework; sourceTree = SDKROOT; };
		6512B45015A86A4500A01DE9 /* Foundation.framework */ = {isa = PBXFileReference; lastKnownFileType = wrapper.framework; name = Foundation.framework; path = System/Library/Frameworks/Foundation.framework; sourceTree = SDKROOT; };
		6512B45215A86A4500A01DE9 /* CoreGraphics.framework */ = {isa = PBXFileReference; lastKnownFileType = wrapper.framework; name = CoreGraphics.framework; path = System/Library/Frameworks/CoreGraphics.framework; sourceTree = SDKROOT; };
		6512B45615A86A4500A01DE9 /* CKCrashReporterDemo-Info.plist */ = {isa = PBXFileReference; lastKnownFileType = text.plist.xml; path = "CKCrashReporterDemo-Info.plist"; sourceTree = "<group>"; };
		6512B45A15A86A4500A01DE9 /* main.m */ = {isa = PBXFileReference; lastKnownFileType = sourcecode.c.objc; path = main.m; sourceTree = "<group>"; };
		6512B45C15A86A4500A01DE9 /* CKCrashReporterDemo-Prefix.pch */ = {isa = PBXFileReference; lastKnownFileType = sourcecode.c.h; path = "CKCrashReporterDemo-Prefix.pch"; sourceTree = "<group>"; };
		6512B45D15A86A4500A01DE9 /* AppDelegate.h */ = {isa = PBXFileReference; lastKnownFileType = sourcecode.c.h; path = AppDelegate.h; sourceTree = "<group>"; };
		6512B45E15A86A4500A01DE9 /* AppDelegate.m */ = {isa = PBXFileReference; lastKnownFileType = sourcecode.c.objc; path = AppDelegate.m; sourceTree = "<group>"; };
		6512B46615A86CC900A01DE9 /* CKCrashReporter.h */ = {isa = PBXFileReference; fileEncoding = 4; lastKnownFileType = sourcecode.c.h; path = CKCrashReporter.h; sourceTree = "<group>"; };
		6512B46715A86CC900A01DE9 /* CKCrashReporter.m */ = {isa = PBXFileReference; fileEncoding = 4; lastKnownFileType = sourcecode.c.objc; path = CKCrashReporter.m; sourceTree = "<group>"; };
		6512B46915A8712D00A01DE9 /* MessageUI.framework */ = {isa = PBXFileReference; lastKnownFileType = wrapper.framework; name = MessageUI.framework; path = System/Library/Frameworks/MessageUI.framework; sourceTree = SDKROOT; };
/* End PBXFileReference section */

/* Begin PBXFrameworksBuildPhase section */
		6512B44715A86A4500A01DE9 /* Frameworks */ = {
			isa = PBXFrameworksBuildPhase;
			buildActionMask = 2147483647;
			files = (
				6512B46A15A8712D00A01DE9 /* MessageUI.framework in Frameworks */,
				6512B44F15A86A4500A01DE9 /* UIKit.framework in Frameworks */,
				6512B45115A86A4500A01DE9 /* Foundation.framework in Frameworks */,
				6512B45315A86A4500A01DE9 /* CoreGraphics.framework in Frameworks */,
			);
			runOnlyForDeploymentPostprocessing = 0;
		};
/* End PBXFrameworksBuildPhase section */

/* Begin PBXGroup section */
		6512B43F15A86A4500A01DE9 = {
			isa = PBXGroup;
			children = (
				6512B46515A86CB000A01DE9 /* CKCrashReporter */,
				6512B45415A86A4500A01DE9 /* CKCrashReporterDemo */,
				6512B44D15A86A4500A01DE9 /* Frameworks */,
				6512B44B15A86A4500A01DE9 /* Products */,
			);
			sourceTree = "<group>";
		};
		6512B44B15A86A4500A01DE9 /* Products */ = {
			isa = PBXGroup;
			children = (
				6512B44A15A86A4500A01DE9 /* CKCrashReporterDemo.app */,
			);
			name = Products;
			sourceTree = "<group>";
		};
		6512B44D15A86A4500A01DE9 /* Frameworks */ = {
			isa = PBXGroup;
			children = (
				6512B46915A8712D00A01DE9 /* MessageUI.framework */,
				6512B44E15A86A4500A01DE9 /* UIKit.framework */,
				6512B45015A86A4500A01DE9 /* Foundation.framework */,
				6512B45215A86A4500A01DE9 /* CoreGraphics.framework */,
			);
			name = Frameworks;
			sourceTree = "<group>";
		};
		6512B45415A86A4500A01DE9 /* CKCrashReporterDemo */ = {
			isa = PBXGroup;
			children = (
				6512B45D15A86A4500A01DE9 /* AppDelegate.h */,
				6512B45E15A86A4500A01DE9 /* AppDelegate.m */,
				6512B45515A86A4500A01DE9 /* Supporting Files */,
			);
			path = CKCrashReporterDemo;
			sourceTree = "<group>";
		};
		6512B45515A86A4500A01DE9 /* Supporting Files */ = {
			isa = PBXGroup;
			children = (
				6512B45615A86A4500A01DE9 /* CKCrashReporterDemo-Info.plist */,
				6512B45A15A86A4500A01DE9 /* main.m */,
				6512B45C15A86A4500A01DE9 /* CKCrashReporterDemo-Prefix.pch */,
			);
			name = "Supporting Files";
			sourceTree = "<group>";
		};
		6512B46515A86CB000A01DE9 /* CKCrashReporter */ = {
			isa = PBXGroup;
			children = (
				6512B46615A86CC900A01DE9 /* CKCrashReporter.h */,
				6512B46715A86CC900A01DE9 /* CKCrashReporter.m */,
			);
			path = CKCrashReporter;
			sourceTree = "<group>";
		};
/* End PBXGroup section */

/* Begin PBXNativeTarget section */
		6512B44915A86A4500A01DE9 /* CKCrashReporterDemo */ = {
			isa = PBXNativeTarget;
			buildConfigurationList = 6512B46215A86A4500A01DE9 /* Build configuration list for PBXNativeTarget "CKCrashReporterDemo" */;
			buildPhases = (
				6512B44615A86A4500A01DE9 /* Sources */,
				6512B44715A86A4500A01DE9 /* Frameworks */,
				6512B44815A86A4500A01DE9 /* Resources */,
			);
			buildRules = (
			);
			dependencies = (
			);
			name = CKCrashReporterDemo;
			productName = CKCrashReporterDemo;
			productReference = 6512B44A15A86A4500A01DE9 /* CKCrashReporterDemo.app */;
			productType = "com.apple.product-type.application";
		};
/* End PBXNativeTarget section */

/* Begin PBXProject section */
		6512B44115A86A4500A01DE9 /* Project object */ = {
			isa = PBXProject;
			attributes = {
				LastUpgradeCheck = 0430;
			};
			buildConfigurationList = 6512B44415A86A4500A01DE9 /* Build configuration list for PBXProject "CKCrashReporterDemo" */;
			compatibilityVersion = "Xcode 3.2";
			developmentRegion = English;
			hasScannedForEncodings = 0;
			knownRegions = (
				en,
			);
			mainGroup = 6512B43F15A86A4500A01DE9;
			productRefGroup = 6512B44B15A86A4500A01DE9 /* Products */;
			projectDirPath = "";
			projectRoot = "";
			targets = (
				6512B44915A86A4500A01DE9 /* CKCrashReporterDemo */,
			);
		};
/* End PBXProject section */

/* Begin PBXResourcesBuildPhase section */
		6512B44815A86A4500A01DE9 /* Resources */ = {
			isa = PBXResourcesBuildPhase;
			buildActionMask = 2147483647;
			files = (
			);
			runOnlyForDeploymentPostprocessing = 0;
		};
/* End PBXResourcesBuildPhase section */

/* Begin PBXSourcesBuildPhase section */
		6512B44615A86A4500A01DE9 /* Sources */ = {
			isa = PBXSourcesBuildPhase;
			buildActionMask = 2147483647;
			files = (
				6512B45B15A86A4500A01DE9 /* main.m in Sources */,
				6512B45F15A86A4500A01DE9 /* AppDelegate.m in Sources */,
				6512B46815A86CC900A01DE9 /* CKCrashReporter.m in Sources */,
			);
			runOnlyForDeploymentPostprocessing = 0;
		};
/* End PBXSourcesBuildPhase section */

/* Begin XCBuildConfiguration section */
		6512B46015A86A4500A01DE9 /* Debug */ = {
			isa = XCBuildConfiguration;
			buildSettings = {
				ALWAYS_SEARCH_USER_PATHS = NO;
				ARCHS = "$(ARCHS_STANDARD_32_BIT)";
				CLANG_ENABLE_OBJC_ARC = YES;
				"CODE_SIGN_IDENTITY[sdk=iphoneos*]" = "iPhone Developer";
				COPY_PHASE_STRIP = NO;
				GCC_C_LANGUAGE_STANDARD = gnu99;
				GCC_DYNAMIC_NO_PIC = NO;
				GCC_OPTIMIZATION_LEVEL = 0;
				GCC_PREPROCESSOR_DEFINITIONS = (
					"DEBUG=1",
					"$(inherited)",
				);
				GCC_SYMBOLS_PRIVATE_EXTERN = NO;
				GCC_VERSION = com.apple.compilers.llvm.clang.1_0;
				GCC_WARN_ABOUT_RETURN_TYPE = YES;
				GCC_WARN_UNINITIALIZED_AUTOS = YES;
				GCC_WARN_UNUSED_VARIABLE = YES;
				IPHONEOS_DEPLOYMENT_TARGET = 5.1;
				SDKROOT = iphoneos;
			};
			name = Debug;
		};
		6512B46115A86A4500A01DE9 /* Release */ = {
			isa = XCBuildConfiguration;
			buildSettings = {
				ALWAYS_SEARCH_USER_PATHS = NO;
				ARCHS = "$(ARCHS_STANDARD_32_BIT)";
				CLANG_ENABLE_OBJC_ARC = YES;
				"CODE_SIGN_IDENTITY[sdk=iphoneos*]" = "iPhone Developer";
				COPY_PHASE_STRIP = YES;
				GCC_C_LANGUAGE_STANDARD = gnu99;
				GCC_VERSION = com.apple.compilers.llvm.clang.1_0;
				GCC_WARN_ABOUT_RETURN_TYPE = YES;
				GCC_WARN_UNINITIALIZED_AUTOS = YES;
				GCC_WARN_UNUSED_VARIABLE = YES;
				IPHONEOS_DEPLOYMENT_TARGET = 5.1;
				OTHER_CFLAGS = "-DNS_BLOCK_ASSERTIONS=1";
				SDKROOT = iphoneos;
				VALIDATE_PRODUCT = YES;
			};
			name = Release;
		};
		6512B46315A86A4500A01DE9 /* Debug */ = {
			isa = XCBuildConfiguration;
			buildSettings = {
				GCC_PRECOMPILE_PREFIX_HEADER = YES;
				GCC_PREFIX_HEADER = "CKCrashReporterDemo/CKCrashReporterDemo-Prefix.pch";
				INFOPLIST_FILE = "CKCrashReporterDemo/CKCrashReporterDemo-Info.plist";
				PRODUCT_NAME = "$(TARGET_NAME)";
				WRAPPER_EXTENSION = app;
			};
			name = Debug;
		};
		6512B46415A86A4500A01DE9 /* Release */ = {
			isa = XCBuildConfiguration;
			buildSettings = {
				GCC_PRECOMPILE_PREFIX_HEADER = YES;
				GCC_PREFIX_HEADER = "CKCrashReporterDemo/CKCrashReporterDemo-Prefix.pch";
				INFOPLIST_FILE = "CKCrashReporterDemo/CKCrashReporterDemo-Info.plist";
				PRODUCT_NAME = "$(TARGET_NAME)";
				WRAPPER_EXTENSION = app;
			};
			name = Release;
		};
/* End XCBuildConfiguration section */

/* Begin XCConfigurationList section */
		6512B44415A86A4500A01DE9 /* Build configuration list for PBXProject "CKCrashReporterDemo" */ = {
			isa = XCConfigurationList;
			buildConfigurations = (
				6512B46015A86A4500A01DE9 /* Debug */,
				6512B46115A86A4500A01DE9 /* Release */,
			);
			defaultConfigurationIsVisible = 0;
			defaultConfigurationName = Release;
		};
		6512B46215A86A4500A01DE9 /* Build configuration list for PBXNativeTarget "CKCrashReporterDemo" */ = {
			isa = XCConfigurationList;
			buildConfigurations = (
				6512B46315A86A4500A01DE9 /* Debug */,
				6512B46415A86A4500A01DE9 /* Release */,
			);
			defaultConfigurationIsVisible = 0;
		};
/* End XCConfigurationList section */
	};
	rootObject = 6512B44115A86A4500A01DE9 /* Project object */;
}
